{
  "name": "sort-lines",
  "version": "1.0.0",
  "lockfileVersion": 3,
  "requires": true,
  "packages": {
    "": {
      "name": "sort-lines",
      "version": "1.0.0",
      "license": "MIT",
      "dependencies": {
        "natural-orderby": "^5.0.0"
      },
      "engines": {
        "atom": ">=1.100.0 <2.0.0"
      }
    },
    "node_modules/natural-orderby": {
      "version": "5.0.0",
      "resolved": "https://registry.npmjs.org/natural-orderby/-/natural-orderby-5.0.0.tgz",
      "integrity": "sha512-kKHJhxwpR/Okycz4HhQKKlhWe4ASEfPgkSWNmKFHd7+ezuQlxkA5cM3+XkBPvm1gmHen3w53qsYAv+8GwRrBlg==",
      "license": "MIT",
      "engines": {
        "node": ">=18"
      }
    }
  }
}
